// !$*UTF8*$!
{
	archiveVersion = 1;
	classes = {
	};
	objectVersion = 48;
	objects = {

/* Begin PBXBuildFile section */
		B52243C01FAFBFC500739A63 /* Window_ShopperTests.swift in Sources */ = {isa = PBXBuildFile; fileRef = B52243BF1FAFBFC500739A63 /* Window_ShopperTests.swift */; };
		B52243C91FAFBFE100739A63 /* Wage.swift in Sources */ = {isa = PBXBuildFile; fileRef = B52243C81FAFBFE100739A63 /* Wage.swift */; };
		B52243CA1FAFC0DB00739A63 /* Wage.swift in Sources */ = {isa = PBXBuildFile; fileRef = B52243C81FAFBFE100739A63 /* Wage.swift */; };
		B53310F01FAFAC49001F3A8D /* AppDelegate.swift in Sources */ = {isa = PBXBuildFile; fileRef = B53310EF1FAFAC49001F3A8D /* AppDelegate.swift */; };
		B53310F21FAFAC49001F3A8D /* MainVC.swift in Sources */ = {isa = PBXBuildFile; fileRef = B53310F11FAFAC49001F3A8D /* MainVC.swift */; };
		B53310F51FAFAC49001F3A8D /* Main.storyboard in Resources */ = {isa = PBXBuildFile; fileRef = B53310F31FAFAC49001F3A8D /* Main.storyboard */; };
		B53310F71FAFAC49001F3A8D /* Assets.xcassets in Resources */ = {isa = PBXBuildFile; fileRef = B53310F61FAFAC49001F3A8D /* Assets.xcassets */; };
		B53310FA1FAFAC49001F3A8D /* LaunchScreen.storyboard in Resources */ = {isa = PBXBuildFile; fileRef = B53310F81FAFAC49001F3A8D /* LaunchScreen.storyboard */; };
		B53311051FAFB03C001F3A8D /* CurrencyTextField.swift in Sources */ = {isa = PBXBuildFile; fileRef = B53311041FAFB03C001F3A8D /* CurrencyTextField.swift */; };
/* End PBXBuildFile section */

/* Begin PBXContainerItemProxy section */
		B52243C21FAFBFC500739A63 /* PBXContainerItemProxy */ = {
			isa = PBXContainerItemProxy;
			containerPortal = B53310E41FAFAC49001F3A8D /* Project object */;
			proxyType = 1;
			remoteGlobalIDString = B53310EB1FAFAC49001F3A8D;
			remoteInfo = "Window Shopper";
		};
/* End PBXContainerItemProxy section */

/* Begin PBXFileReference section */
		B52243BD1FAFBFC500739A63 /* Window ShopperTests.xctest */ = {isa = PBXFileReference; explicitFileType = wrapper.cfbundle; includeInIndex = 0; path = "Window ShopperTests.xctest"; sourceTree = BUILT_PRODUCTS_DIR; };
		B52243BF1FAFBFC500739A63 /* Window_ShopperTests.swift */ = {isa = PBXFileReference; lastKnownFileType = sourcecode.swift; path = Window_ShopperTests.swift; sourceTree = "<group>"; };
		B52243C11FAFBFC500739A63 /* Info.plist */ = {isa = PBXFileReference; lastKnownFileType = text.plist.xml; path = Info.plist; sourceTree = "<group>"; };
		B52243C81FAFBFE100739A63 /* Wage.swift */ = {isa = PBXFileReference; lastKnownFileType = sourcecode.swift; path = Wage.swift; sourceTree = "<group>"; };
		B53310EC1FAFAC49001F3A8D /* Window Shopper.app */ = {isa = PBXFileReference; explicitFileType = wrapper.application; includeInIndex = 0; path = "Window Shopper.app"; sourceTree = BUILT_PRODUCTS_DIR; };
		B53310EF1FAFAC49001F3A8D /* AppDelegate.swift */ = {isa = PBXFileReference; lastKnownFileType = sourcecode.swift; path = AppDelegate.swift; sourceTree = "<group>"; };
		B53310F11FAFAC49001F3A8D /* MainVC.swift */ = {isa = PBXFileReference; lastKnownFileType = sourcecode.swift; path = MainVC.swift; sourceTree = "<group>"; };
		B53310F41FAFAC49001F3A8D /* Base */ = {isa = PBXFileReference; lastKnownFileType = file.storyboard; name = Base; path = Base.lproj/Main.storyboard; sourceTree = "<group>"; };
		B53310F61FAFAC49001F3A8D /* Assets.xcassets */ = {isa = PBXFileReference; lastKnownFileType = folder.assetcatalog; path = Assets.xcassets; sourceTree = "<group>"; };
		B53310F91FAFAC49001F3A8D /* Base */ = {isa = PBXFileReference; lastKnownFileType = file.storyboard; name = Base; path = Base.lproj/LaunchScreen.storyboard; sourceTree = "<group>"; };
		B53310FB1FAFAC49001F3A8D /* Info.plist */ = {isa = PBXFileReference; lastKnownFileType = text.plist.xml; path = Info.plist; sourceTree = "<group>"; };
		B53311041FAFB03C001F3A8D /* CurrencyTextField.swift */ = {isa = PBXFileReference; lastKnownFileType = sourcecode.swift; path = CurrencyTextField.swift; sourceTree = "<group>"; };
/* End PBXFileReference section */

/* Begin PBXFrameworksBuildPhase section */
		B52243BA1FAFBFC500739A63 /* Frameworks */ = {
			isa = PBXFrameworksBuildPhase;
			buildActionMask = 2147483647;
			files = (
			);
			runOnlyForDeploymentPostprocessing = 0;
		};
		B53310E91FAFAC49001F3A8D /* Frameworks */ = {
			isa = PBXFrameworksBuildPhase;
			buildActionMask = 2147483647;
			files = (
			);
			runOnlyForDeploymentPostprocessing = 0;
		};
/* End PBXFrameworksBuildPhase section */

/* Begin PBXGroup section */
		B52243BE1FAFBFC500739A63 /* Window ShopperTests */ = {
			isa = PBXGroup;
			children = (
				B52243BF1FAFBFC500739A63 /* Window_ShopperTests.swift */,
				B52243C11FAFBFC500739A63 /* Info.plist */,
			);
			path = "Window ShopperTests";
			sourceTree = "<group>";
		};
		B53310E31FAFAC49001F3A8D = {
			isa = PBXGroup;
			children = (
				B53310EE1FAFAC49001F3A8D /* Window Shopper */,
				B52243BE1FAFBFC500739A63 /* Window ShopperTests */,
				B53310ED1FAFAC49001F3A8D /* Products */,
			);
			sourceTree = "<group>";
		};
		B53310ED1FAFAC49001F3A8D /* Products */ = {
			isa = PBXGroup;
			children = (
				B53310EC1FAFAC49001F3A8D /* Window Shopper.app */,
				B52243BD1FAFBFC500739A63 /* Window ShopperTests.xctest */,
			);
			name = Products;
			sourceTree = "<group>";
		};
		B53310EE1FAFAC49001F3A8D /* Window Shopper */ = {
			isa = PBXGroup;
			children = (
				B53311031FAFAF2F001F3A8D /* Model */,
				B53311021FAFAF28001F3A8D /* View */,
				B53311011FAFAF1C001F3A8D /* Controller */,
				B53310EF1FAFAC49001F3A8D /* AppDelegate.swift */,
				B53310F31FAFAC49001F3A8D /* Main.storyboard */,
				B53310F61FAFAC49001F3A8D /* Assets.xcassets */,
				B53310F81FAFAC49001F3A8D /* LaunchScreen.storyboard */,
				B53310FB1FAFAC49001F3A8D /* Info.plist */,
			);
			path = "Window Shopper";
			sourceTree = "<group>";
		};
		B53311011FAFAF1C001F3A8D /* Controller */ = {
			isa = PBXGroup;
			children = (
				B53310F11FAFAC49001F3A8D /* MainVC.swift */,
			);
			path = Controller;
			sourceTree = "<group>";
		};
		B53311021FAFAF28001F3A8D /* View */ = {
			isa = PBXGroup;
			children = (
				B53311041FAFB03C001F3A8D /* CurrencyTextField.swift */,
			);
			path = View;
			sourceTree = "<group>";
		};
		B53311031FAFAF2F001F3A8D /* Model */ = {
			isa = PBXGroup;
			children = (
				B52243C81FAFBFE100739A63 /* Wage.swift */,
			);
			path = Model;
			sourceTree = "<group>";
		};
/* End PBXGroup section */

/* Begin PBXNativeTarget section */
		B52243BC1FAFBFC500739A63 /* Window ShopperTests */ = {
			isa = PBXNativeTarget;
			buildConfigurationList = B52243C61FAFBFC500739A63 /* Build configuration list for PBXNativeTarget "Window ShopperTests" */;
			buildPhases = (
				B52243B91FAFBFC500739A63 /* Sources */,
				B52243BA1FAFBFC500739A63 /* Frameworks */,
				B52243BB1FAFBFC500739A63 /* Resources */,
			);
			buildRules = (
			);
			dependencies = (
				B52243C31FAFBFC500739A63 /* PBXTargetDependency */,
			);
			name = "Window ShopperTests";
			productName = "Window ShopperTests";
			productReference = B52243BD1FAFBFC500739A63 /* Window ShopperTests.xctest */;
			productType = "com.apple.product-type.bundle.unit-test";
		};
		B53310EB1FAFAC49001F3A8D /* Window Shopper */ = {
			isa = PBXNativeTarget;
			buildConfigurationList = B53310FE1FAFAC49001F3A8D /* Build configuration list for PBXNativeTarget "Window Shopper" */;
			buildPhases = (
				B53310E81FAFAC49001F3A8D /* Sources */,
				B53310E91FAFAC49001F3A8D /* Frameworks */,
				B53310EA1FAFAC49001F3A8D /* Resources */,
			);
			buildRules = (
			);
			dependencies = (
			);
			name = "Window Shopper";
			productName = "Window Shopper";
			productReference = B53310EC1FAFAC49001F3A8D /* Window Shopper.app */;
			productType = "com.apple.product-type.application";
		};
/* End PBXNativeTarget section */

/* Begin PBXProject section */
		B53310E41FAFAC49001F3A8D /* Project object */ = {
			isa = PBXProject;
			attributes = {
				LastSwiftUpdateCheck = 0910;
				LastUpgradeCheck = 0920;
				ORGANIZATIONNAME = "Jefffrey Santana";
				TargetAttributes = {
					B52243BC1FAFBFC500739A63 = {
						CreatedOnToolsVersion = 9.1;
						ProvisioningStyle = Automatic;
						TestTargetID = B53310EB1FAFAC49001F3A8D;
					};
					B53310EB1FAFAC49001F3A8D = {
						CreatedOnToolsVersion = 9.2;
						ProvisioningStyle = Automatic;
					};
				};
			};
			buildConfigurationList = B53310E71FAFAC49001F3A8D /* Build configuration list for PBXProject "Window Shopper" */;
			compatibilityVersion = "Xcode 8.0";
			developmentRegion = en;
			hasScannedForEncodings = 0;
			knownRegions = (
				en,
				Base,
			);
			mainGroup = B53310E31FAFAC49001F3A8D;
			productRefGroup = B53310ED1FAFAC49001F3A8D /* Products */;
			projectDirPath = "";
			projectRoot = "";
			targets = (
				B53310EB1FAFAC49001F3A8D /* Window Shopper */,
				B52243BC1FAFBFC500739A63 /* Window ShopperTests */,
			);
		};
/* End PBXProject section */

/* Begin PBXResourcesBuildPhase section */
		B52243BB1FAFBFC500739A63 /* Resources */ = {
			isa = PBXResourcesBuildPhase;
			buildActionMask = 2147483647;
			files = (
			);
			runOnlyForDeploymentPostprocessing = 0;
		};
		B53310EA1FAFAC49001F3A8D /* Resources */ = {
			isa = PBXResourcesBuildPhase;
			buildActionMask = 2147483647;
			files = (
				B53310FA1FAFAC49001F3A8D /* LaunchScreen.storyboard in Resources */,
				B53310F71FAFAC49001F3A8D /* Assets.xcassets in Resources */,
				B53310F51FAFAC49001F3A8D /* Main.storyboard in Resources */,
			);
			runOnlyForDeploymentPostprocessing = 0;
		};
/* End PBXResourcesBuildPhase section */

/* Begin PBXSourcesBuildPhase section */
		B52243B91FAFBFC500739A63 /* Sources */ = {
			isa = PBXSourcesBuildPhase;
			buildActionMask = 2147483647;
			files = (
				B52243C01FAFBFC500739A63 /* Window_ShopperTests.swift in Sources */,
				B52243CA1FAFC0DB00739A63 /* Wage.swift in Sources */,
			);
			runOnlyForDeploymentPostprocessing = 0;
		};
		B53310E81FAFAC49001F3A8D /* Sources */ = {
			isa = PBXSourcesBuildPhase;
			buildActionMask = 2147483647;
			files = (
				B53311051FAFB03C001F3A8D /* CurrencyTextField.swift in Sources */,
				B52243C91FAFBFE100739A63 /* Wage.swift in Sources */,
				B53310F21FAFAC49001F3A8D /* MainVC.swift in Sources */,
				B53310F01FAFAC49001F3A8D /* AppDelegate.swift in Sources */,
			);
			runOnlyForDeploymentPostprocessing = 0;
		};
/* End PBXSourcesBuildPhase section */

/* Begin PBXTargetDependency section */
		B52243C31FAFBFC500739A63 /* PBXTargetDependency */ = {
			isa = PBXTargetDependency;
			target = B53310EB1FAFAC49001F3A8D /* Window Shopper */;
			targetProxy = B52243C21FAFBFC500739A63 /* PBXContainerItemProxy */;
		};
/* End PBXTargetDependency section */

/* Begin PBXVariantGroup section */
		B53310F31FAFAC49001F3A8D /* Main.storyboard */ = {
			isa = PBXVariantGroup;
			children = (
				B53310F41FAFAC49001F3A8D /* Base */,
			);
			name = Main.storyboard;
			sourceTree = "<group>";
		};
		B53310F81FAFAC49001F3A8D /* LaunchScreen.storyboard */ = {
			isa = PBXVariantGroup;
			children = (
				B53310F91FAFAC49001F3A8D /* Base */,
			);
			name = LaunchScreen.storyboard;
			sourceTree = "<group>";
		};
/* End PBXVariantGroup section */

/* Begin XCBuildConfiguration section */
		B52243C41FAFBFC500739A63 /* Debug */ = {
			isa = XCBuildConfiguration;
			buildSettings = {
				BUNDLE_LOADER = "$(TEST_HOST)";
				CODE_SIGN_STYLE = Automatic;
				DEVELOPMENT_TEAM = PD94K2S3RY;
				INFOPLIST_FILE = "Window ShopperTests/Info.plist";
				IPHONEOS_DEPLOYMENT_TARGET = 11.1;
				LD_RUNPATH_SEARCH_PATHS = "$(inherited) @executable_path/Frameworks @loader_path/Frameworks";
				PRODUCT_BUNDLE_IDENTIFIER = "Square-Built.Window-ShopperTests";
				PRODUCT_NAME = "$(TARGET_NAME)";
				SWIFT_VERSION = 4.0;
				TARGETED_DEVICE_FAMILY = "1,2";
				TEST_HOST = "$(BUILT_PRODUCTS_DIR)/Window Shopper.app/Window Shopper";
			};
			name = Debug;
		};
		B52243C51FAFBFC500739A63 /* Release */ = {
			isa = XCBuildConfiguration;
			buildSettings = {
				BUNDLE_LOADER = "$(TEST_HOST)";
				CODE_SIGN_STYLE = Automatic;
				DEVELOPMENT_TEAM = PD94K2S3RY;
				INFOPLIST_FILE = "Window ShopperTests/Info.plist";
				IPHONEOS_DEPLOYMENT_TARGET = 11.1;
				LD_RUNPATH_SEARCH_PATHS = "$(inherited) @executable_path/Frameworks @loader_path/Frameworks";
				PRODUCT_BUNDLE_IDENTIFIER = "Square-Built.Window-ShopperTests";
				PRODUCT_NAME = "$(TARGET_NAME)";
				SWIFT_VERSION = 4.0;
				TARGETED_DEVICE_FAMILY = "1,2";
				TEST_HOST = "$(BUILT_PRODUCTS_DIR)/Window Shopper.app/Window Shopper";
			};
			name = Release;
		};
		B53310FC1FAFAC49001F3A8D /* Debug */ = {
			isa = XCBuildConfiguration;
			buildSettings = {
				ALWAYS_SEARCH_USER_PATHS = NO;
				CLANG_ANALYZER_NONNULL = YES;
				CLANG_ANALYZER_NUMBER_OBJECT_CONVERSION = YES_AGGRESSIVE;
				CLANG_CXX_LANGUAGE_STANDARD = "gnu++14";
				CLANG_CXX_LIBRARY = "libc++";
				CLANG_ENABLE_MODULES = YES;
				CLANG_ENABLE_OBJC_ARC = YES;
				CLANG_WARN_BLOCK_CAPTURE_AUTORELEASING = YES;
				CLANG_WARN_BOOL_CONVERSION = YES;
				CLANG_WARN_COMMA = YES;
				CLANG_WARN_CONSTANT_CONVERSION = YES;
				CLANG_WARN_DIRECT_OBJC_ISA_USAGE = YES_ERROR;
				CLANG_WARN_DOCUMENTATION_COMMENTS = YES;
				CLANG_WARN_EMPTY_BODY = YES;
				CLANG_WARN_ENUM_CONVERSION = YES;
				CLANG_WARN_INFINITE_RECURSION = YES;
				CLANG_WARN_INT_CONVERSION = YES;
				CLANG_WARN_NON_LITERAL_NULL_CONVERSION = YES;
				CLANG_WARN_OBJC_LITERAL_CONVERSION = YES;
				CLANG_WARN_OBJC_ROOT_CLASS = YES_ERROR;
				CLANG_WARN_RANGE_LOOP_ANALYSIS = YES;
				CLANG_WARN_STRICT_PROTOTYPES = YES;
				CLANG_WARN_SUSPICIOUS_MOVE = YES;
				CLANG_WARN_UNGUARDED_AVAILABILITY = YES_AGGRESSIVE;
				CLANG_WARN_UNREACHABLE_CODE = YES;
				CLANG_WARN__DUPLICATE_METHOD_MATCH = YES;
				CODE_SIGN_IDENTITY = "iPhone Developer";
				COPY_PHASE_STRIP = NO;
				DEBUG_INFORMATION_FORMAT = dwarf;
				ENABLE_STRICT_OBJC_MSGSEND = YES;
				ENABLE_TESTABILITY = YES;
				GCC_C_LANGUAGE_STANDARD = gnu11;
				GCC_DYNAMIC_NO_PIC = NO;
				GCC_NO_COMMON_BLOCKS = YES;
				GCC_OPTIMIZATION_LEVEL = 0;
				GCC_PREPROCESSOR_DEFINITIONS = (
					"DEBUG=1",
					"$(inherited)",
				);
				GCC_WARN_64_TO_32_BIT_CONVERSION = YES;
				GCC_WARN_ABOUT_RETURN_TYPE = YES_ERROR;
				GCC_WARN_UNDECLARED_SELECTOR = YES;
				GCC_WARN_UNINITIALIZED_AUTOS = YES_AGGRESSIVE;
				GCC_WARN_UNUSED_FUNCTION = YES;
				GCC_WARN_UNUSED_VARIABLE = YES;
				IPHONEOS_DEPLOYMENT_TARGET = 11.2;
				MTL_ENABLE_DEBUG_INFO = YES;
				ONLY_ACTIVE_ARCH = YES;
				SDKROOT = iphoneos;
				SWIFT_ACTIVE_COMPILATION_CONDITIONS = DEBUG;
				SWIFT_OPTIMIZATION_LEVEL = "-Onone";
			};
			name = Debug;
		};
		B53310FD1FAFAC49001F3A8D /* Release */ = {
			isa = XCBuildConfiguration;
			buildSettings = {
				ALWAYS_SEARCH_USER_PATHS = NO;
				CLANG_ANALYZER_NONNULL = YES;
				CLANG_ANALYZER_NUMBER_OBJECT_CONVERSION = YES_AGGRESSIVE;
				CLANG_CXX_LANGUAGE_STANDARD = "gnu++14";
				CLANG_CXX_LIBRARY = "libc++";
				CLANG_ENABLE_MODULES = YES;
				CLANG_ENABLE_OBJC_ARC = YES;
				CLANG_WARN_BLOCK_CAPTURE_AUTORELEASING = YES;
				CLANG_WARN_BOOL_CONVERSION = YES;
				CLANG_WARN_COMMA = YES;
				CLANG_WARN_CONSTANT_CONVERSION = YES;
				CLANG_WARN_DIRECT_OBJC_ISA_USAGE = YES_ERROR;
				CLANG_WARN_DOCUMENTATION_COMMENTS = YES;
				CLANG_WARN_EMPTY_BODY = YES;
				CLANG_WARN_ENUM_CONVERSION = YES;
				CLANG_WARN_INFINITE_RECURSION = YES;
				CLANG_WARN_INT_CONVERSION = YES;
				CLANG_WARN_NON_LITERAL_NULL_CONVERSION = YES;
				CLANG_WARN_OBJC_LITERAL_CONVERSION = YES;
				CLANG_WARN_OBJC_ROOT_CLASS = YES_ERROR;
				CLANG_WARN_RANGE_LOOP_ANALYSIS = YES;
				CLANG_WARN_STRICT_PROTOTYPES = YES;
				CLANG_WARN_SUSPICIOUS_MOVE = YES;
				CLANG_WARN_UNGUARDED_AVAILABILITY = YES_AGGRESSIVE;
				CLANG_WARN_UNREACHABLE_CODE = YES;
				CLANG_WARN__DUPLICATE_METHOD_MATCH = YES;
				CODE_SIGN_IDENTITY = "iPhone Developer";
				COPY_PHASE_STRIP = NO;
				DEBUG_INFORMATION_FORMAT = "dwarf-with-dsym";
				ENABLE_NS_ASSERTIONS = NO;
				ENABLE_STRICT_OBJC_MSGSEND = YES;
				GCC_C_LANGUAGE_STANDARD = gnu11;
				GCC_NO_COMMON_BLOCKS = YES;
				GCC_WARN_64_TO_32_BIT_CONVERSION = YES;
				GCC_WARN_ABOUT_RETURN_TYPE = YES_ERROR;
				GCC_WARN_UNDECLARED_SELECTOR = YES;
				GCC_WARN_UNINITIALIZED_AUTOS = YES_AGGRESSIVE;
				GCC_WARN_UNUSED_FUNCTION = YES;
				GCC_WARN_UNUSED_VARIABLE = YES;
				IPHONEOS_DEPLOYMENT_TARGET = 11.2;
				MTL_ENABLE_DEBUG_INFO = NO;
				SDKROOT = iphoneos;
				SWIFT_OPTIMIZATION_LEVEL = "-Owholemodule";
				VALIDATE_PRODUCT = YES;
			};
			name = Release;
		};
		B53310FF1FAFAC49001F3A8D /* Debug */ = {
			isa = XCBuildConfiguration;
			buildSettings = {
				ASSETCATALOG_COMPILER_APPICON_NAME = AppIcon;
				CODE_SIGN_STYLE = Automatic;
				DEVELOPMENT_TEAM = PD94K2S3RY;
				INFOPLIST_FILE = "Window Shopper/Info.plist";
				IPHONEOS_DEPLOYMENT_TARGET = 11.1;
				LD_RUNPATH_SEARCH_PATHS = "$(inherited) @executable_path/Frameworks";
				PRODUCT_BUNDLE_IDENTIFIER = "Square-Built.Window-Shopper";
				PRODUCT_NAME = "$(TARGET_NAME)";
				SWIFT_VERSION = 4.0;
				TARGETED_DEVICE_FAMILY = "1,2";
			};
			name = Debug;
		};
		B53311001FAFAC49001F3A8D /* Release */ = {
			isa = XCBuildConfiguration;
			buildSettings = {
				ASSETCATALOG_COMPILER_APPICON_NAME = AppIcon;
				CODE_SIGN_STYLE = Automatic;
				DEVELOPMENT_TEAM = PD94K2S3RY;
				INFOPLIST_FILE = "Window Shopper/Info.plist";
				IPHONEOS_DEPLOYMENT_TARGET = 11.1;
				LD_RUNPATH_SEARCH_PATHS = "$(inherited) @executable_path/Frameworks";
				PRODUCT_BUNDLE_IDENTIFIER = "Square-Built.Window-Shopper";
				PRODUCT_NAME = "$(TARGET_NAME)";
				SWIFT_VERSION = 4.0;
				TARGETED_DEVICE_FAMILY = "1,2";
			};
			name = Release;
		};
/* End XCBuildConfiguration section */

/* Begin XCConfigurationList section */
		B52243C61FAFBFC500739A63 /* Build configuration list for PBXNativeTarget "Window ShopperTests" */ = {
			isa = XCConfigurationList;
			buildConfigurations = (
				B52243C41FAFBFC500739A63 /* Debug */,
				B52243C51FAFBFC500739A63 /* Release */,
			);
			defaultConfigurationIsVisible = 0;
			defaultConfigurationName = Release;
		};
		B53310E71FAFAC49001F3A8D /* Build configuration list for PBXProject "Window Shopper" */ = {
			isa = XCConfigurationList;
			buildConfigurations = (
				B53310FC1FAFAC49001F3A8D /* Debug */,
				B53310FD1FAFAC49001F3A8D /* Release */,
			);
			defaultConfigurationIsVisible = 0;
			defaultConfigurationName = Release;
		};
		B53310FE1FAFAC49001F3A8D /* Build configuration list for PBXNativeTarget "Window Shopper" */ = {
			isa = XCConfigurationList;
			buildConfigurations = (
				B53310FF1FAFAC49001F3A8D /* Debug */,
				B53311001FAFAC49001F3A8D /* Release */,
			);
			defaultConfigurationIsVisible = 0;
			defaultConfigurationName = Release;
		};
/* End XCConfigurationList section */
	};
	rootObject = B53310E41FAFAC49001F3A8D /* Project object */;
}
